
Microsoft Visual Studio Solution File, Format Version 12.00
# Visual Studio Version 16
VisualStudioVersion = 25.0.1706.7
MinimumVisualStudioVersion = 10.0.40219.1
Project("{FAE04EC0-301F-11D3-BF4B-00C04F79EFBC}") = "CurrencyConverter", "CurrencyConverter\CurrencyConverter.csproj", "{527EDA37-2BD4-4326-A46F-4D5B5353F1C1}"
EndProject
Project("{FAE04EC0-301F-11D3-BF4B-00C04F79EFBC}") = "CurrencyConverter.UnitTests", "CurrencyConverter.UnitTests\CurrencyConverter.UnitTests.csproj", "{E1EA6975-0CD4-4618-BCE6-529320564531}"
EndProject
Global
	GlobalSection(SolutionConfigurationPlatforms) = preSolution
		Debug|Any CPU = Debug|Any CPU
		Release|Any CPU = Release|Any CPU
	EndGlobalSection
	GlobalSection(ProjectConfigurationPlatforms) = postSolution
		{527EDA37-2BD4-4326-A46F-4D5B5353F1C1}.Debug|Any CPU.ActiveCfg = Debug|Any CPU
		{527EDA37-2BD4-4326-A46F-4D5B5353F1C1}.Debug|Any CPU.Build.0 = Debug|Any CPU
		{527EDA37-2BD4-4326-A46F-4D5B5353F1C1}.Release|Any CPU.ActiveCfg = Release|Any CPU
		{527EDA37-2BD4-4326-A46F-4D5B5353F1C1}.Release|Any CPU.Build.0 = Release|Any CPU
		{E1EA6975-0CD4-4618-BCE6-529320564531}.Debug|Any CPU.ActiveCfg = Debug|Any CPU
		{E1EA6975-0CD4-4618-BCE6-529320564531}.Debug|Any CPU.Build.0 = Debug|Any CPU
		{E1EA6975-0CD4-4618-BCE6-529320564531}.Release|Any CPU.ActiveCfg = Release|Any CPU
		{E1EA6975-0CD4-4618-BCE6-529320564531}.Release|Any CPU.Build.0 = Release|Any CPU
	EndGlobalSection
	GlobalSection(SolutionProperties) = preSolution
		HideSolutionNode = FALSE
	EndGlobalSection
	GlobalSection(ExtensibilityGlobals) = postSolution
		SolutionGuid = {067994BB-3C5E-40B4-8A37-E80DC299CF05}
	EndGlobalSection
EndGlobal
